
Microsoft Visual Studio Solution File, Format Version 12.00
# Visual Studio Version 17
VisualStudioVersion = 17.8.34525.116
MinimumVisualStudioVersion = 10.0.40219.1
Project("{9A19103F-16F7-4668-BE54-9A1E7A4F7556}") = "BizSocket", "BizSocket.csproj", "{0EF859F2-D128-441C-9450-3B2E80C3C388}"
EndProject
Global
	GlobalSection(SolutionConfigurationPlatforms) = preSolution
		Build|Any CPU = Build|Any CPU
		Debug|Any CPU = Debug|Any CPU
		Release|Any CPU = Release|Any CPU
	EndGlobalSection
	GlobalSection(ProjectConfigurationPlatforms) = postSolution
		{0EF859F2-D128-441C-9450-3B2E80C3C388}.Build|Any CPU.ActiveCfg = Build|Any CPU
		{0EF859F2-D128-441C-9450-3B2E80C3C388}.Build|Any CPU.Build.0 = Build|Any CPU
		{0EF859F2-D128-441C-9450-3B2E80C3C388}.Debug|Any CPU.ActiveCfg = Debug|Any CPU
		{0EF859F2-D128-441C-9450-3B2E80C3C388}.Debug|Any CPU.Build.0 = Debug|Any CPU
		{0EF859F2-D128-441C-9450-3B2E80C3C388}.Release|Any CPU.ActiveCfg = Release|Any CPU
		{0EF859F2-D128-441C-9450-3B2E80C3C388}.Release|Any CPU.Build.0 = Release|Any CPU
	EndGlobalSection
	GlobalSection(SolutionProperties) = preSolution
		HideSolutionNode = FALSE
	EndGlobalSection
	GlobalSection(ExtensibilityGlobals) = postSolution
		SolutionGuid = {DDF133B4-79B9-4F96-896C-C9CFAEB482D7}
	EndGlobalSection
EndGlobal
